
Microsoft Visual Studio Solution File, Format Version 12.00
# Visual Studio 15
VisualStudioVersion = 15.0.27009.1
MinimumVisualStudioVersion = 10.0.40219.1
Project("{FAE04EC0-301F-11D3-BF4B-00C04F79EFBC}") = "CSDN_Auto", "CSDN_Auto\CSDN_Auto.csproj", "{8546024B-4AD7-4753-9529-E8EC77C960C4}"
EndProject
Project("{FAE04EC0-301F-11D3-BF4B-00C04F79EFBC}") = "CoolQ", "CoolQ\CoolQ.csproj", "{2F8EF174-E06F-449C-85E8-E5EC47B019B9}"
EndProject
Global
	GlobalSection(SolutionConfigurationPlatforms) = preSolution
		Debug|Any CPU = Debug|Any CPU
		Release|Any CPU = Release|Any CPU
	EndGlobalSection
	GlobalSection(ProjectConfigurationPlatforms) = postSolution
		{8546024B-4AD7-4753-9529-E8EC77C960C4}.Debug|Any CPU.ActiveCfg = Debug|Any CPU
		{8546024B-4AD7-4753-9529-E8EC77C960C4}.Debug|Any CPU.Build.0 = Debug|Any CPU
		{8546024B-4AD7-4753-9529-E8EC77C960C4}.Release|Any CPU.ActiveCfg = Release|Any CPU
		{8546024B-4AD7-4753-9529-E8EC77C960C4}.Release|Any CPU.Build.0 = Release|Any CPU
		{2F8EF174-E06F-449C-85E8-E5EC47B019B9}.Debug|Any CPU.ActiveCfg = Debug|Any CPU
		{2F8EF174-E06F-449C-85E8-E5EC47B019B9}.Debug|Any CPU.Build.0 = Debug|Any CPU
		{2F8EF174-E06F-449C-85E8-E5EC47B019B9}.Release|Any CPU.ActiveCfg = Release|Any CPU
		{2F8EF174-E06F-449C-85E8-E5EC47B019B9}.Release|Any CPU.Build.0 = Release|Any CPU
	EndGlobalSection
	GlobalSection(SolutionProperties) = preSolution
		HideSolutionNode = FALSE
	EndGlobalSection
	GlobalSection(ExtensibilityGlobals) = postSolution
		SolutionGuid = {3CB39A25-B0FC-499F-9E4F-C30A484B007D}
	EndGlobalSection
EndGlobal
